// !$*UTF8*$!
{
	archiveVersion = 1;
	classes = {
	};
	objectVersion = 50;
	objects = {

/* Begin PBXBuildFile section */
		C421A33522504C71000CAA08 /* AppDelegate.m in Sources */ = {isa = PBXBuildFile; fileRef = C421A33422504C71000CAA08 /* AppDelegate.m */; };
		C421A33B22504C71000CAA08 /* Main.storyboard in Resources */ = {isa = PBXBuildFile; fileRef = C421A33922504C71000CAA08 /* Main.storyboard */; };
		C421A33D22504C72000CAA08 /* Assets.xcassets in Resources */ = {isa = PBXBuildFile; fileRef = C421A33C22504C72000CAA08 /* Assets.xcassets */; };
		C421A34022504C72000CAA08 /* LaunchScreen.storyboard in Resources */ = {isa = PBXBuildFile; fileRef = C421A33E22504C72000CAA08 /* LaunchScreen.storyboard */; };
		C421A34322504C72000CAA08 /* main.m in Sources */ = {isa = PBXBuildFile; fileRef = C421A34222504C72000CAA08 /* main.m */; };
		C421A34B225052AA000CAA08 /* LSIVersionsTableTableViewController.m in Sources */ = {isa = PBXBuildFile; fileRef = C421A34A225052AA000CAA08 /* LSIVersionsTableTableViewController.m */; };
		C421A34E225054E3000CAA08 /* LSIOSXVersion.m in Sources */ = {isa = PBXBuildFile; fileRef = C421A34D225054E3000CAA08 /* LSIOSXVersion.m */; };
		C421A35122505AA6000CAA08 /* LSIVersionsController.m in Sources */ = {isa = PBXBuildFile; fileRef = C421A35022505AA6000CAA08 /* LSIVersionsController.m */; };
/* End PBXBuildFile section */

/* Begin PBXFileReference section */
		C421A33022504C71000CAA08 /* OSXVersions.app */ = {isa = PBXFileReference; explicitFileType = wrapper.application; includeInIndex = 0; path = OSXVersions.app; sourceTree = BUILT_PRODUCTS_DIR; };
		C421A33322504C71000CAA08 /* AppDelegate.h */ = {isa = PBXFileReference; lastKnownFileType = sourcecode.c.h; path = AppDelegate.h; sourceTree = "<group>"; };
		C421A33422504C71000CAA08 /* AppDelegate.m */ = {isa = PBXFileReference; lastKnownFileType = sourcecode.c.objc; path = AppDelegate.m; sourceTree = "<group>"; };
		C421A33A22504C71000CAA08 /* Base */ = {isa = PBXFileReference; lastKnownFileType = file.storyboard; name = Base; path = Base.lproj/Main.storyboard; sourceTree = "<group>"; };
		C421A33C22504C72000CAA08 /* Assets.xcassets */ = {isa = PBXFileReference; lastKnownFileType = folder.assetcatalog; path = Assets.xcassets; sourceTree = "<group>"; };
		C421A33F22504C72000CAA08 /* Base */ = {isa = PBXFileReference; lastKnownFileType = file.storyboard; name = Base; path = Base.lproj/LaunchScreen.storyboard; sourceTree = "<group>"; };
		C421A34122504C72000CAA08 /* Info.plist */ = {isa = PBXFileReference; lastKnownFileType = text.plist.xml; path = Info.plist; sourceTree = "<group>"; };
		C421A34222504C72000CAA08 /* main.m */ = {isa = PBXFileReference; lastKnownFileType = sourcecode.c.objc; path = main.m; sourceTree = "<group>"; };
		C421A349225052AA000CAA08 /* LSIVersionsTableTableViewController.h */ = {isa = PBXFileReference; lastKnownFileType = sourcecode.c.h; path = LSIVersionsTableTableViewController.h; sourceTree = "<group>"; };
		C421A34A225052AA000CAA08 /* LSIVersionsTableTableViewController.m */ = {isa = PBXFileReference; lastKnownFileType = sourcecode.c.objc; path = LSIVersionsTableTableViewController.m; sourceTree = "<group>"; };
		C421A34C225054E3000CAA08 /* LSIOSXVersion.h */ = {isa = PBXFileReference; lastKnownFileType = sourcecode.c.h; path = LSIOSXVersion.h; sourceTree = "<group>"; };
		C421A34D225054E3000CAA08 /* LSIOSXVersion.m */ = {isa = PBXFileReference; lastKnownFileType = sourcecode.c.objc; path = LSIOSXVersion.m; sourceTree = "<group>"; };
		C421A34F22505AA6000CAA08 /* LSIVersionsController.h */ = {isa = PBXFileReference; lastKnownFileType = sourcecode.c.h; path = LSIVersionsController.h; sourceTree = "<group>"; };
		C421A35022505AA6000CAA08 /* LSIVersionsController.m */ = {isa = PBXFileReference; lastKnownFileType = sourcecode.c.objc; path = LSIVersionsController.m; sourceTree = "<group>"; };
/* End PBXFileReference section */

/* Begin PBXFrameworksBuildPhase section */
		C421A32D22504C71000CAA08 /* Frameworks */ = {
			isa = PBXFrameworksBuildPhase;
			buildActionMask = 2147483647;
			files = (
			);
			runOnlyForDeploymentPostprocessing = 0;
		};
/* End PBXFrameworksBuildPhase section */

/* Begin PBXGroup section */
		C421A32722504C71000CAA08 = {
			isa = PBXGroup;
			children = (
				C421A33222504C71000CAA08 /* OSXVersions */,
				C421A33122504C71000CAA08 /* Products */,
			);
			sourceTree = "<group>";
		};
		C421A33122504C71000CAA08 /* Products */ = {
			isa = PBXGroup;
			children = (
				C421A33022504C71000CAA08 /* OSXVersions.app */,
			);
			name = Products;
			sourceTree = "<group>";
		};
		C421A33222504C71000CAA08 /* OSXVersions */ = {
			isa = PBXGroup;
			children = (
				C421A33322504C71000CAA08 /* AppDelegate.h */,
				C421A33422504C71000CAA08 /* AppDelegate.m */,
				C421A33922504C71000CAA08 /* Main.storyboard */,
				C421A349225052AA000CAA08 /* LSIVersionsTableTableViewController.h */,
				C421A34A225052AA000CAA08 /* LSIVersionsTableTableViewController.m */,
				C421A33C22504C72000CAA08 /* Assets.xcassets */,
				C421A33E22504C72000CAA08 /* LaunchScreen.storyboard */,
				C421A34122504C72000CAA08 /* Info.plist */,
				C421A34222504C72000CAA08 /* main.m */,
				C421A34C225054E3000CAA08 /* LSIOSXVersion.h */,
				C421A34D225054E3000CAA08 /* LSIOSXVersion.m */,
				C421A34F22505AA6000CAA08 /* LSIVersionsController.h */,
				C421A35022505AA6000CAA08 /* LSIVersionsController.m */,
			);
			path = OSXVersions;
			sourceTree = "<group>";
		};
/* End PBXGroup section */

/* Begin PBXNativeTarget section */
		C421A32F22504C71000CAA08 /* OSXVersions */ = {
			isa = PBXNativeTarget;
			buildConfigurationList = C421A34622504C72000CAA08 /* Build configuration list for PBXNativeTarget "OSXVersions" */;
			buildPhases = (
				C421A32C22504C71000CAA08 /* Sources */,
				C421A32D22504C71000CAA08 /* Frameworks */,
				C421A32E22504C71000CAA08 /* Resources */,
			);
			buildRules = (
			);
			dependencies = (
			);
			name = OSXVersions;
			productName = OSXVersions;
			productReference = C421A33022504C71000CAA08 /* OSXVersions.app */;
			productType = "com.apple.product-type.application";
		};
/* End PBXNativeTarget section */

/* Begin PBXProject section */
		C421A32822504C71000CAA08 /* Project object */ = {
			isa = PBXProject;
			attributes = {
				LastUpgradeCheck = 1020;
				ORGANIZATIONNAME = "Julian A. Fordyce";
				TargetAttributes = {
					C421A32F22504C71000CAA08 = {
						CreatedOnToolsVersion = 10.2;
					};
				};
			};
			buildConfigurationList = C421A32B22504C71000CAA08 /* Build configuration list for PBXProject "OSXVersions" */;
			compatibilityVersion = "Xcode 9.3";
			developmentRegion = en;
			hasScannedForEncodings = 0;
			knownRegions = (
				en,
				Base,
			);
			mainGroup = C421A32722504C71000CAA08;
			productRefGroup = C421A33122504C71000CAA08 /* Products */;
			projectDirPath = "";
			projectRoot = "";
			targets = (
				C421A32F22504C71000CAA08 /* OSXVersions */,
			);
		};
/* End PBXProject section */

/* Begin PBXResourcesBuildPhase section */
		C421A32E22504C71000CAA08 /* Resources */ = {
			isa = PBXResourcesBuildPhase;
			buildActionMask = 2147483647;
			files = (
				C421A34022504C72000CAA08 /* LaunchScreen.storyboard in Resources */,
				C421A33D22504C72000CAA08 /* Assets.xcassets in Resources */,
				C421A33B22504C71000CAA08 /* Main.storyboard in Resources */,
			);
			runOnlyForDeploymentPostprocessing = 0;
		};
/* End PBXResourcesBuildPhase section */

/* Begin PBXSourcesBuildPhase section */
		C421A32C22504C71000CAA08 /* Sources */ = {
			isa = PBXSourcesBuildPhase;
			buildActionMask = 2147483647;
			files = (
				C421A34B225052AA000CAA08 /* LSIVersionsTableTableViewController.m in Sources */,
				C421A34322504C72000CAA08 /* main.m in Sources */,
				C421A34E225054E3000CAA08 /* LSIOSXVersion.m in Sources */,
				C421A33522504C71000CAA08 /* AppDelegate.m in Sources */,
				C421A35122505AA6000CAA08 /* LSIVersionsController.m in Sources */,
			);
			runOnlyForDeploymentPostprocessing = 0;
		};
/* End PBXSourcesBuildPhase section */

/* Begin PBXVariantGroup section */
		C421A33922504C71000CAA08 /* Main.storyboard */ = {
			isa = PBXVariantGroup;
			children = (
				C421A33A22504C71000CAA08 /* Base */,
			);
			name = Main.storyboard;
			sourceTree = "<group>";
		};
		C421A33E22504C72000CAA08 /* LaunchScreen.storyboard */ = {
			isa = PBXVariantGroup;
			children = (
				C421A33F22504C72000CAA08 /* Base */,
			);
			name = LaunchScreen.storyboard;
			sourceTree = "<group>";
		};
/* End PBXVariantGroup section */

/* Begin XCBuildConfiguration section */
		C421A34422504C72000CAA08 /* Debug */ = {
			isa = XCBuildConfiguration;
			buildSettings = {
				ALWAYS_SEARCH_USER_PATHS = NO;
				CLANG_ANALYZER_NONNULL = YES;
				CLANG_ANALYZER_NUMBER_OBJECT_CONVERSION = YES_AGGRESSIVE;
				CLANG_CXX_LANGUAGE_STANDARD = "gnu++14";
				CLANG_CXX_LIBRARY = "libc++";
				CLANG_ENABLE_MODULES = YES;
				CLANG_ENABLE_OBJC_ARC = YES;
				CLANG_ENABLE_OBJC_WEAK = YES;
				CLANG_WARN_BLOCK_CAPTURE_AUTORELEASING = YES;
				CLANG_WARN_BOOL_CONVERSION = YES;
				CLANG_WARN_COMMA = YES;
				CLANG_WARN_CONSTANT_CONVERSION = YES;
				CLANG_WARN_DEPRECATED_OBJC_IMPLEMENTATIONS = YES;
				CLANG_WARN_DIRECT_OBJC_ISA_USAGE = YES_ERROR;
				CLANG_WARN_DOCUMENTATION_COMMENTS = YES;
				CLANG_WARN_EMPTY_BODY = YES;
				CLANG_WARN_ENUM_CONVERSION = YES;
				CLANG_WARN_INFINITE_RECURSION = YES;
				CLANG_WARN_INT_CONVERSION = YES;
				CLANG_WARN_NON_LITERAL_NULL_CONVERSION = YES;
				CLANG_WARN_OBJC_IMPLICIT_RETAIN_SELF = YES;
				CLANG_WARN_OBJC_LITERAL_CONVERSION = YES;
				CLANG_WARN_OBJC_ROOT_CLASS = YES_ERROR;
				CLANG_WARN_RANGE_LOOP_ANALYSIS = YES;
				CLANG_WARN_STRICT_PROTOTYPES = YES;
				CLANG_WARN_SUSPICIOUS_MOVE = YES;
				CLANG_WARN_UNGUARDED_AVAILABILITY = YES_AGGRESSIVE;
				CLANG_WARN_UNREACHABLE_CODE = YES;
				CLANG_WARN__DUPLICATE_METHOD_MATCH = YES;
				CODE_SIGN_IDENTITY = "iPhone Developer";
				COPY_PHASE_STRIP = NO;
				DEBUG_INFORMATION_FORMAT = dwarf;
				ENABLE_STRICT_OBJC_MSGSEND = YES;
				ENABLE_TESTABILITY = YES;
				GCC_C_LANGUAGE_STANDARD = gnu11;
				GCC_DYNAMIC_NO_PIC = NO;
				GCC_NO_COMMON_BLOCKS = YES;
				GCC_OPTIMIZATION_LEVEL = 0;
				GCC_PREPROCESSOR_DEFINITIONS = (
					"DEBUG=1",
					"$(inherited)",
				);
				GCC_WARN_64_TO_32_BIT_CONVERSION = YES;
				GCC_WARN_ABOUT_RETURN_TYPE = YES_ERROR;
				GCC_WARN_UNDECLARED_SELECTOR = YES;
				GCC_WARN_UNINITIALIZED_AUTOS = YES_AGGRESSIVE;
				GCC_WARN_UNUSED_FUNCTION = YES;
				GCC_WARN_UNUSED_VARIABLE = YES;
				IPHONEOS_DEPLOYMENT_TARGET = 12.2;
				MTL_ENABLE_DEBUG_INFO = INCLUDE_SOURCE;
				MTL_FAST_MATH = YES;
				ONLY_ACTIVE_ARCH = YES;
				SDKROOT = iphoneos;
			};
			name = Debug;
		};
		C421A34522504C72000CAA08 /* Release */ = {
			isa = XCBuildConfiguration;
			buildSettings = {
				ALWAYS_SEARCH_USER_PATHS = NO;
				CLANG_ANALYZER_NONNULL = YES;
				CLANG_ANALYZER_NUMBER_OBJECT_CONVERSION = YES_AGGRESSIVE;
				CLANG_CXX_LANGUAGE_STANDARD = "gnu++14";
				CLANG_CXX_LIBRARY = "libc++";
				CLANG_ENABLE_MODULES = YES;
				CLANG_ENABLE_OBJC_ARC = YES;
				CLANG_ENABLE_OBJC_WEAK = YES;
				CLANG_WARN_BLOCK_CAPTURE_AUTORELEASING = YES;
				CLANG_WARN_BOOL_CONVERSION = YES;
				CLANG_WARN_COMMA = YES;
				CLANG_WARN_CONSTANT_CONVERSION = YES;
				CLANG_WARN_DEPRECATED_OBJC_IMPLEMENTATIONS = YES;
				CLANG_WARN_DIRECT_OBJC_ISA_USAGE = YES_ERROR;
				CLANG_WARN_DOCUMENTATION_COMMENTS = YES;
				CLANG_WARN_EMPTY_BODY = YES;
				CLANG_WARN_ENUM_CONVERSION = YES;
				CLANG_WARN_INFINITE_RECURSION = YES;
				CLANG_WARN_INT_CONVERSION = YES;
				CLANG_WARN_NON_LITERAL_NULL_CONVERSION = YES;
				CLANG_WARN_OBJC_IMPLICIT_RETAIN_SELF = YES;
				CLANG_WARN_OBJC_LITERAL_CONVERSION = YES;
				CLANG_WARN_OBJC_ROOT_CLASS = YES_ERROR;
				CLANG_WARN_RANGE_LOOP_ANALYSIS = YES;
				CLANG_WARN_STRICT_PROTOTYPES = YES;
				CLANG_WARN_SUSPICIOUS_MOVE = YES;
				CLANG_WARN_UNGUARDED_AVAILABILITY = YES_AGGRESSIVE;
				CLANG_WARN_UNREACHABLE_CODE = YES;
				CLANG_WARN__DUPLICATE_METHOD_MATCH = YES;
				CODE_SIGN_IDENTITY = "iPhone Developer";
				COPY_PHASE_STRIP = NO;
				DEBUG_INFORMATION_FORMAT = "dwarf-with-dsym";
				ENABLE_NS_ASSERTIONS = NO;
				ENABLE_STRICT_OBJC_MSGSEND = YES;
				GCC_C_LANGUAGE_STANDARD = gnu11;
				GCC_NO_COMMON_BLOCKS = YES;
				GCC_WARN_64_TO_32_BIT_CONVERSION = YES;
				GCC_WARN_ABOUT_RETURN_TYPE = YES_ERROR;
				GCC_WARN_UNDECLARED_SELECTOR = YES;
				GCC_WARN_UNINITIALIZED_AUTOS = YES_AGGRESSIVE;
				GCC_WARN_UNUSED_FUNCTION = YES;
				GCC_WARN_UNUSED_VARIABLE = YES;
				IPHONEOS_DEPLOYMENT_TARGET = 12.2;
				MTL_ENABLE_DEBUG_INFO = NO;
				MTL_FAST_MATH = YES;
				SDKROOT = iphoneos;
				VALIDATE_PRODUCT = YES;
			};
			name = Release;
		};
		C421A34722504C72000CAA08 /* Debug */ = {
			isa = XCBuildConfiguration;
			buildSettings = {
				ASSETCATALOG_COMPILER_APPICON_NAME = AppIcon;
				CODE_SIGN_STYLE = Automatic;
				DEVELOPMENT_TEAM = VL892F87QQ;
				INFOPLIST_FILE = OSXVersions/Info.plist;
				LD_RUNPATH_SEARCH_PATHS = (
					"$(inherited)",
					"@executable_path/Frameworks",
				);
				PRODUCT_BUNDLE_IDENTIFIER = com.glaslabs.OSXVersions;
				PRODUCT_NAME = "$(TARGET_NAME)";
				TARGETED_DEVICE_FAMILY = "1,2";
			};
			name = Debug;
		};
		C421A34822504C72000CAA08 /* Release */ = {
			isa = XCBuildConfiguration;
			buildSettings = {
				ASSETCATALOG_COMPILER_APPICON_NAME = AppIcon;
				CODE_SIGN_STYLE = Automatic;
				DEVELOPMENT_TEAM = VL892F87QQ;
				INFOPLIST_FILE = OSXVersions/Info.plist;
				LD_RUNPATH_SEARCH_PATHS = (
					"$(inherited)",
					"@executable_path/Frameworks",
				);
				PRODUCT_BUNDLE_IDENTIFIER = com.glaslabs.OSXVersions;
				PRODUCT_NAME = "$(TARGET_NAME)";
				TARGETED_DEVICE_FAMILY = "1,2";
			};
			name = Release;
		};
/* End XCBuildConfiguration section */

/* Begin XCConfigurationList section */
		C421A32B22504C71000CAA08 /* Build configuration list for PBXProject "OSXVersions" */ = {
			isa = XCConfigurationList;
			buildConfigurations = (
				C421A34422504C72000CAA08 /* Debug */,
				C421A34522504C72000CAA08 /* Release */,
			);
			defaultConfigurationIsVisible = 0;
			defaultConfigurationName = Release;
		};
		C421A34622504C72000CAA08 /* Build configuration list for PBXNativeTarget "OSXVersions" */ = {
			isa = XCConfigurationList;
			buildConfigurations = (
				C421A34722504C72000CAA08 /* Debug */,
				C421A34822504C72000CAA08 /* Release */,
			);
			defaultConfigurationIsVisible = 0;
			defaultConfigurationName = Release;
		};
/* End XCConfigurationList section */
	};
	rootObject = C421A32822504C71000CAA08 /* Project object */;
}
